{
  "name": "google-maps-project",
  "version": "1.0.0",
  "lockfileVersion": 1,
  "requires": true,
  "dependencies": {
    "@babel/runtime": {
      "version": "7.12.1",
      "resolved": "https://registry.npmjs.org/@babel/runtime/-/runtime-7.12.1.tgz",
      "integrity": "sha512-J5AIf3vPj3UwXaAzb5j1xM4WAQDX3EMgemF8rjCP3SoW09LfRKAXQKt6CoVYl230P6iWdRcBbnLDDdnqWxZSCA==",
      "requires": {
        "regenerator-runtime": "^0.13.4"
      }
    },
    "@googlemaps/js-api-loader": {
      "version": "1.6.0",
      "resolved": "https://registry.npmjs.org/@googlemaps/js-api-loader/-/js-api-loader-1.6.0.tgz",
      "integrity": "sha512-amuilneCf7q5A/jDUE3ml83c9NjW/3DzIqiBDFIKZcraD0JSKbetkEQa5s57Z6QY7jxcequXgoL9CKJUY1xZ5A=="
    },
    "@reach/auto-id": {
      "version": "0.11.2",
      "resolved": "https://registry.npmjs.org/@reach/auto-id/-/auto-id-0.11.2.tgz",
      "integrity": "sha512-YZ21b0Kb88wJ0t7QjSznWOYskARQMnmXY9Y2XZ5RyYcZ2krT4s3+ghghpfaPs6BKcrZDonZCrU65OFDJPa1jAw==",
      "requires": {
        "@reach/utils": "0.11.2",
        "tslib": "^2.0.0"
      }
    },
    "@reach/combobox": {
      "version": "0.11.2",
      "resolved": "https://registry.npmjs.org/@reach/combobox/-/combobox-0.11.2.tgz",
      "integrity": "sha512-dqb55eJZTcylJBjnr7fgHdEtb1OvbSGHQHHWIGnQldUZyau0t0oWJ+EFNmhXXrLbl1nIeJ9wp/EPNnrY2uyXmg==",
      "requires": {
        "@reach/auto-id": "0.11.2",
        "@reach/descendants": "0.11.2",
        "@reach/popover": "0.11.2",
        "@reach/portal": "0.11.2",
        "@reach/utils": "0.11.2",
        "highlight-words-core": "1.2.2",
        "prop-types": "^15.7.2",
        "tslib": "^2.0.0"
      }
    },
    "@reach/descendants": {
      "version": "0.11.2",
      "resolved": "https://registry.npmjs.org/@reach/descendants/-/descendants-0.11.2.tgz",
      "integrity": "sha512-63Wdx32/RyjGRJc4UZKK7F1sIrb6jeGkDwvQH0hv0lRAhEjsiSQ1t2JTYDml3testFP48J0B2xS7JzNeY0zoQw==",
      "requires": {
        "@reach/utils": "0.11.2",
        "tslib": "^2.0.0"
      }
    },
    "@reach/observe-rect": {
      "version": "1.2.0",
      "resolved": "https://registry.npmjs.org/@reach/observe-rect/-/observe-rect-1.2.0.tgz",
      "integrity": "sha512-Ba7HmkFgfQxZqqaeIWWkNK0rEhpxVQHIoVyW1YDSkGsGIXzcaW4deC8B0pZrNSSyLTdIk7y+5olKt5+g0GmFIQ=="
    },
    "@reach/popover": {
      "version": "0.11.2",
      "resolved": "https://registry.npmjs.org/@reach/popover/-/popover-0.11.2.tgz",
      "integrity": "sha512-fB5lScg7Sfu3k0c+bjX7QbnFOJ1nsCWYGvrH1M9qlQolWM6gSJcD+ANnEHIb/wF85zuxzgdxZY5bjTj0RZc6Lg==",
      "requires": {
        "@reach/portal": "0.11.2",
        "@reach/rect": "0.11.2",
        "@reach/utils": "0.11.2",
        "tabbable": "^4.0.0",
        "tslib": "^2.0.0"
      }
    },
    "@reach/portal": {
      "version": "0.11.2",
      "resolved": "https://registry.npmjs.org/@reach/portal/-/portal-0.11.2.tgz",
      "integrity": "sha512-/53A/rY5oX2Y7D5TpvsP+V5cSd+4MPY6f21mAmVn4DCVwpkCFOlJ059ZL7ixS85M0Jz48YQnnvBJUqwkxqUG/g==",
      "requires": {
        "@reach/utils": "0.11.2",
        "tslib": "^2.0.0"
      }
    },
    "@reach/rect": {
      "version": "0.11.2",
      "resolved": "https://registry.npmjs.org/@reach/rect/-/rect-0.11.2.tgz",
      "integrity": "sha512-eoUWayAADi1ITtrc+8jN9NsBTUkfpORkOs5bQb4RnR6UA/3zlxo5VPuxWgWAG0BCohZlqsxg7NpvckNAyaiAAQ==",
      "requires": {
        "@reach/observe-rect": "1.2.0",
        "@reach/utils": "0.11.2",
        "prop-types": "^15.7.2",
        "tslib": "^2.0.0"
      }
    },
    "@reach/utils": {
      "version": "0.11.2",
      "resolved": "https://registry.npmjs.org/@reach/utils/-/utils-0.11.2.tgz",
      "integrity": "sha512-fBTolYj+rKTROXmf0zHO0rCWSvw7J0ALmYj5QxW4DmITMOH5uyRuWDWOfqohIGFbOtF/sum50WTB3tvx76d+Aw==",
      "requires": {
        "@types/warning": "^3.0.0",
        "tslib": "^2.0.0",
        "warning": "^4.0.3"
      }
    },
    "@react-google-maps/api": {
      "version": "1.13.0",
      "resolved": "https://registry.npmjs.org/@react-google-maps/api/-/api-1.13.0.tgz",
      "integrity": "sha512-mKwXziG5MbOvvcWG53FyZVZ8zjAuPNYkcS/+nYX9STMFNrI96AFq5l/zUn2QifRJnPzE8iO4V1vyMM+Ie9LpGg==",
      "requires": {
        "@googlemaps/js-api-loader": "1.6.0",
        "@react-google-maps/infobox": "1.12.1",
        "@react-google-maps/marker-clusterer": "1.12.1",
        "invariant": "2.2.4"
      }
    },
    "@react-google-maps/infobox": {
      "version": "1.12.1",
      "resolved": "https://registry.npmjs.org/@react-google-maps/infobox/-/infobox-1.12.1.tgz",
      "integrity": "sha512-tD/xijqRtKK/LNRzuerzuyvybnRaD8SLgCA064len4/enTo1abhQN215ZYqwbTOn7RgYt9qMgNnwoX//u3xoWw=="
    },
    "@react-google-maps/marker-clusterer": {
      "version": "1.12.1",
      "resolved": "https://registry.npmjs.org/@react-google-maps/marker-clusterer/-/marker-clusterer-1.12.1.tgz",
      "integrity": "sha512-JBSO5VJuouP/boBnSdRDCWq0UKO7jr3HvZVhis3ew+VGJ/BoCPu3lpU0HDsjjulfng+xwqLfVOIzP3QnvBPdCA=="
    },
    "@types/warning": {
      "version": "3.0.0",
      "resolved": "https://registry.npmjs.org/@types/warning/-/warning-3.0.0.tgz",
      "integrity": "sha1-DSUBJorY+ZYrdA04fEZU9fjiPlI="
    },
    "date-fns": {
      "version": "2.16.1",
      "resolved": "https://registry.npmjs.org/date-fns/-/date-fns-2.16.1.tgz",
      "integrity": "sha512-sAJVKx/FqrLYHAQeN7VpJrPhagZc9R4ImZIWYRFZaaohR3KzmuK88touwsSwSVT8Qcbd4zoDsnGfX4GFB4imyQ=="
    },
    "highlight-words-core": {
      "version": "1.2.2",
      "resolved": "https://registry.npmjs.org/highlight-words-core/-/highlight-words-core-1.2.2.tgz",
      "integrity": "sha512-BXUKIkUuh6cmmxzi5OIbUJxrG8OAk2MqoL1DtO3Wo9D2faJg2ph5ntyuQeLqaHJmzER6H5tllCDA9ZnNe9BVGg=="
    },
    "invariant": {
      "version": "2.2.4",
      "resolved": "https://registry.npmjs.org/invariant/-/invariant-2.2.4.tgz",
      "integrity": "sha512-phJfQVBuaJM5raOpJjSfkiD6BpbCE4Ns//LaXl6wGYtUBY83nWS6Rf9tXm2e8VaK60JEjYldbPif/A2B1C2gNA==",
      "requires": {
        "loose-envify": "^1.0.0"
      }
    },
    "js-tokens": {
      "version": "4.0.0",
      "resolved": "https://registry.npmjs.org/js-tokens/-/js-tokens-4.0.0.tgz",
      "integrity": "sha512-RdJUflcE3cUzKiMqQgsCu06FPu9UdIJO0beYbPhHN4k6apgJtifcoCtT9bcxOpYBtpD2kCM6Sbzg4CausW/PKQ=="
    },
    "lodash.debounce": {
      "version": "4.0.8",
      "resolved": "https://registry.npmjs.org/lodash.debounce/-/lodash.debounce-4.0.8.tgz",
      "integrity": "sha1-gteb/zCmfEAF/9XiUVMArZyk168="
    },
    "loose-envify": {
      "version": "1.4.0",
      "resolved": "https://registry.npmjs.org/loose-envify/-/loose-envify-1.4.0.tgz",
      "integrity": "sha512-lyuxPGr/Wfhrlem2CL/UcnUc1zcqKAImBDzukY7Y5F/yQiNdko6+fRLevlw1HgMySw7f611UIY408EtxRSoK3Q==",
      "requires": {
        "js-tokens": "^3.0.0 || ^4.0.0"
      }
    },
    "object-assign": {
      "version": "4.1.1",
      "resolved": "https://registry.npmjs.org/object-assign/-/object-assign-4.1.1.tgz",
      "integrity": "sha1-IQmtx5ZYh8/AXLvUQsrIv7s2CGM="
    },
    "prop-types": {
      "version": "15.7.2",
      "resolved": "https://registry.npmjs.org/prop-types/-/prop-types-15.7.2.tgz",
      "integrity": "sha512-8QQikdH7//R2vurIJSutZ1smHYTcLpRWEOlHnzcWHmBYrOGUysKwSsrC89BCiFj3CbrfJ/nXFdJepOVrY1GCHQ==",
      "requires": {
        "loose-envify": "^1.4.0",
        "object-assign": "^4.1.1",
        "react-is": "^16.8.1"
      }
    },
    "react-is": {
      "version": "16.13.1",
      "resolved": "https://registry.npmjs.org/react-is/-/react-is-16.13.1.tgz",
      "integrity": "sha512-24e6ynE2H+OKt4kqsOvNd8kBpV65zoxbA4BVsEOB3ARVWQki/DHzaUoC5KuON/BiccDaCCTZBuOcfZs70kR8bQ=="
    },
    "regenerator-runtime": {
      "version": "0.13.7",
      "resolved": "https://registry.npmjs.org/regenerator-runtime/-/regenerator-runtime-0.13.7.tgz",
      "integrity": "sha512-a54FxoJDIr27pgf7IgeQGxmqUNYrcV338lf/6gH456HZ/PhX+5BcwHXG9ajESmwe6WRO0tAzRUrRmNONWgkrew=="
    },
    "tabbable": {
      "version": "4.0.0",
      "resolved": "https://registry.npmjs.org/tabbable/-/tabbable-4.0.0.tgz",
      "integrity": "sha512-H1XoH1URcBOa/rZZWxLxHCtOdVUEev+9vo5YdYhC9tCY4wnybX+VQrCYuy9ubkg69fCBxCONJOSLGfw0DWMffQ=="
    },
    "tslib": {
      "version": "2.0.3",
      "resolved": "https://registry.npmjs.org/tslib/-/tslib-2.0.3.tgz",
      "integrity": "sha512-uZtkfKblCEQtZKBF6EBXVZeQNl82yqtDQdv+eck8u7tdPxjLu2/lp5/uPW+um2tpuxINHWy3GhiccY7QgEaVHQ=="
    },
    "use-places-autocomplete": {
      "version": "1.5.4",
      "resolved": "https://registry.npmjs.org/use-places-autocomplete/-/use-places-autocomplete-1.5.4.tgz",
      "integrity": "sha512-NyN9n89jV5QhNKcbCPv792cUQdkSCRfe9vJKQFc26HNYJbiM7L/fKqnljg5w6K92nYelvo9mv4o/FJHuQ1wNcA==",
      "requires": {
        "@babel/runtime": "^7.11.2",
        "lodash.debounce": "^4.0.8"
      }
    },
    "warning": {
      "version": "4.0.3",
      "resolved": "https://registry.npmjs.org/warning/-/warning-4.0.3.tgz",
      "integrity": "sha512-rpJyN222KWIvHJ/F53XSZv0Zl/accqHR8et1kpaMTD/fLCRxtV8iX8czMzY7sVZupTI3zcUTg8eycS2kNF9l6w==",
      "requires": {
        "loose-envify": "^1.0.0"
      }
    }
  }
}
